
Microsoft Visual Studio Solution File, Format Version 12.00
# Visual Studio Version 17
VisualStudioVersion = 17.14.36109.1 d17.14
MinimumVisualStudioVersion = 10.0.40219.1
Project("{FAE04EC0-301F-11D3-BF4B-00C04F79EFBC}") = "WebApplication2", "WebApplication2\WebApplication2.csproj", "{1ED21CB5-48F6-4A11-979F-ECAFA7A37AEE}"
EndProject
Global
	GlobalSection(SolutionConfigurationPlatforms) = preSolution
		Debug|Any CPU = Debug|Any CPU
		Release|Any CPU = Release|Any CPU
	EndGlobalSection
	GlobalSection(ProjectConfigurationPlatforms) = postSolution
		{1ED21CB5-48F6-4A11-979F-ECAFA7A37AEE}.Debug|Any CPU.ActiveCfg = Debug|Any CPU
		{1ED21CB5-48F6-4A11-979F-ECAFA7A37AEE}.Debug|Any CPU.Build.0 = Debug|Any CPU
		{1ED21CB5-48F6-4A11-979F-ECAFA7A37AEE}.Release|Any CPU.ActiveCfg = Release|Any CPU
		{1ED21CB5-48F6-4A11-979F-ECAFA7A37AEE}.Release|Any CPU.Build.0 = Release|Any CPU
	EndGlobalSection
	GlobalSection(SolutionProperties) = preSolution
		HideSolutionNode = FALSE
	EndGlobalSection
	GlobalSection(ExtensibilityGlobals) = postSolution
		SolutionGuid = {094EDFC5-05D8-4F59-B4A8-24918BA40FD7}
	EndGlobalSection
EndGlobal
